{
  "name": "ex04",
  "version": "1.0.0",
  "lockfileVersion": 1,
  "requires": true,
  "dependencies": {
    "pristinejs": {
      "version": "0.1.6",
      "resolved": "https://registry.npmjs.org/pristinejs/-/pristinejs-0.1.6.tgz",
      "integrity": "sha512-M+LVKROrOLtxKduSC8Y5M+iCa7X2GCPGvbBCW5O4eN80mt4d0uqlFygcSvM3Kfsu14blT9IhlbPLPnjzorXL9Q=="
    }
  }
}
